// !$*UTF8*$!
{
	archiveVersion = 1;
	classes = {
	};
	objectVersion = 50;
	objects = {

/* Begin PBXBuildFile section */
		8CA85F4622D9F03700D7CA56 /* ContinuousGestureViewController.swift in Sources */ = {isa = PBXBuildFile; fileRef = 8CA85F4522D9F03700D7CA56 /* ContinuousGestureViewController.swift */; };
		8CA85F4822D9F65B00D7CA56 /* TableViewViewController.swift in Sources */ = {isa = PBXBuildFile; fileRef = 8CA85F4722D9F65B00D7CA56 /* TableViewViewController.swift */; };
		8CCADDB622D4E127002EC20B /* AppDelegate.swift in Sources */ = {isa = PBXBuildFile; fileRef = 8CCADDB522D4E127002EC20B /* AppDelegate.swift */; };
		8CCADDBB22D4E127002EC20B /* Main.storyboard in Resources */ = {isa = PBXBuildFile; fileRef = 8CCADDB922D4E127002EC20B /* Main.storyboard */; };
		8CCADDBD22D4E129002EC20B /* Assets.xcassets in Resources */ = {isa = PBXBuildFile; fileRef = 8CCADDBC22D4E129002EC20B /* Assets.xcassets */; };
		8CCADDC022D4E129002EC20B /* LaunchScreen.storyboard in Resources */ = {isa = PBXBuildFile; fileRef = 8CCADDBE22D4E129002EC20B /* LaunchScreen.storyboard */; };
		8CCADDC822D4E4E8002EC20B /* NavigationViewController.swift in Sources */ = {isa = PBXBuildFile; fileRef = 8CCADDC722D4E4E8002EC20B /* NavigationViewController.swift */; };
		8CCADDCA22D59424002EC20B /* SubclassTableViewViewController.swift in Sources */ = {isa = PBXBuildFile; fileRef = 8CCADDC922D59424002EC20B /* SubclassTableViewViewController.swift */; };
		8CCADDCC22D5985B002EC20B /* InteractiveDismissTransition.swift in Sources */ = {isa = PBXBuildFile; fileRef = 8CCADDCB22D5985B002EC20B /* InteractiveDismissTransition.swift */; };
/* End PBXBuildFile section */

/* Begin PBXFileReference section */
		8CA85F4522D9F03700D7CA56 /* ContinuousGestureViewController.swift */ = {isa = PBXFileReference; lastKnownFileType = sourcecode.swift; path = ContinuousGestureViewController.swift; sourceTree = "<group>"; };
		8CA85F4722D9F65B00D7CA56 /* TableViewViewController.swift */ = {isa = PBXFileReference; lastKnownFileType = sourcecode.swift; path = TableViewViewController.swift; sourceTree = "<group>"; };
		8CCADDB222D4E127002EC20B /* PullToDismiss.app */ = {isa = PBXFileReference; explicitFileType = wrapper.application; includeInIndex = 0; path = PullToDismiss.app; sourceTree = BUILT_PRODUCTS_DIR; };
		8CCADDB522D4E127002EC20B /* AppDelegate.swift */ = {isa = PBXFileReference; lastKnownFileType = sourcecode.swift; path = AppDelegate.swift; sourceTree = "<group>"; };
		8CCADDBA22D4E127002EC20B /* Base */ = {isa = PBXFileReference; lastKnownFileType = file.storyboard; name = Base; path = Base.lproj/Main.storyboard; sourceTree = "<group>"; };
		8CCADDBC22D4E129002EC20B /* Assets.xcassets */ = {isa = PBXFileReference; lastKnownFileType = folder.assetcatalog; path = Assets.xcassets; sourceTree = "<group>"; };
		8CCADDBF22D4E129002EC20B /* Base */ = {isa = PBXFileReference; lastKnownFileType = file.storyboard; name = Base; path = Base.lproj/LaunchScreen.storyboard; sourceTree = "<group>"; };
		8CCADDC122D4E129002EC20B /* Info.plist */ = {isa = PBXFileReference; lastKnownFileType = text.plist.xml; path = Info.plist; sourceTree = "<group>"; };
		8CCADDC722D4E4E8002EC20B /* NavigationViewController.swift */ = {isa = PBXFileReference; lastKnownFileType = sourcecode.swift; path = NavigationViewController.swift; sourceTree = "<group>"; };
		8CCADDC922D59424002EC20B /* SubclassTableViewViewController.swift */ = {isa = PBXFileReference; lastKnownFileType = sourcecode.swift; path = SubclassTableViewViewController.swift; sourceTree = "<group>"; };
		8CCADDCB22D5985B002EC20B /* InteractiveDismissTransition.swift */ = {isa = PBXFileReference; lastKnownFileType = sourcecode.swift; path = InteractiveDismissTransition.swift; sourceTree = "<group>"; };
/* End PBXFileReference section */

/* Begin PBXFrameworksBuildPhase section */
		8CCADDAF22D4E127002EC20B /* Frameworks */ = {
			isa = PBXFrameworksBuildPhase;
			buildActionMask = 2147483647;
			files = (
			);
			runOnlyForDeploymentPostprocessing = 0;
		};
/* End PBXFrameworksBuildPhase section */

/* Begin PBXGroup section */
		8CCADDA922D4E127002EC20B = {
			isa = PBXGroup;
			children = (
				8CCADDB422D4E127002EC20B /* PullToDismiss */,
				8CCADDB322D4E127002EC20B /* Products */,
			);
			sourceTree = "<group>";
		};
		8CCADDB322D4E127002EC20B /* Products */ = {
			isa = PBXGroup;
			children = (
				8CCADDB222D4E127002EC20B /* PullToDismiss.app */,
			);
			name = Products;
			sourceTree = "<group>";
		};
		8CCADDB422D4E127002EC20B /* PullToDismiss */ = {
			isa = PBXGroup;
			children = (
				8CCADDB522D4E127002EC20B /* AppDelegate.swift */,
				8CCADDC722D4E4E8002EC20B /* NavigationViewController.swift */,
				8CA85F4522D9F03700D7CA56 /* ContinuousGestureViewController.swift */,
				8CCADDC922D59424002EC20B /* SubclassTableViewViewController.swift */,
				8CA85F4722D9F65B00D7CA56 /* TableViewViewController.swift */,
				8CCADDCB22D5985B002EC20B /* InteractiveDismissTransition.swift */,
				8CCADDB922D4E127002EC20B /* Main.storyboard */,
				8CCADDBC22D4E129002EC20B /* Assets.xcassets */,
				8CCADDBE22D4E129002EC20B /* LaunchScreen.storyboard */,
				8CCADDC122D4E129002EC20B /* Info.plist */,
			);
			path = PullToDismiss;
			sourceTree = "<group>";
		};
/* End PBXGroup section */

/* Begin PBXNativeTarget section */
		8CCADDB122D4E127002EC20B /* PullToDismiss */ = {
			isa = PBXNativeTarget;
			buildConfigurationList = 8CCADDC422D4E129002EC20B /* Build configuration list for PBXNativeTarget "PullToDismiss" */;
			buildPhases = (
				8CCADDAE22D4E127002EC20B /* Sources */,
				8CCADDAF22D4E127002EC20B /* Frameworks */,
				8CCADDB022D4E127002EC20B /* Resources */,
			);
			buildRules = (
			);
			dependencies = (
			);
			name = PullToDismiss;
			productName = PullToDismiss;
			productReference = 8CCADDB222D4E127002EC20B /* PullToDismiss.app */;
			productType = "com.apple.product-type.application";
		};
/* End PBXNativeTarget section */

/* Begin PBXProject section */
		8CCADDAA22D4E127002EC20B /* Project object */ = {
			isa = PBXProject;
			attributes = {
				LastSwiftUpdateCheck = 1020;
				LastUpgradeCheck = 1020;
				ORGANIZATIONNAME = dirtmelon;
				TargetAttributes = {
					8CCADDB122D4E127002EC20B = {
						CreatedOnToolsVersion = 10.2.1;
					};
				};
			};
			buildConfigurationList = 8CCADDAD22D4E127002EC20B /* Build configuration list for PBXProject "PullToDismiss" */;
			compatibilityVersion = "Xcode 9.3";
			developmentRegion = en;
			hasScannedForEncodings = 0;
			knownRegions = (
				en,
				Base,
			);
			mainGroup = 8CCADDA922D4E127002EC20B;
			productRefGroup = 8CCADDB322D4E127002EC20B /* Products */;
			projectDirPath = "";
			projectRoot = "";
			targets = (
				8CCADDB122D4E127002EC20B /* PullToDismiss */,
			);
		};
/* End PBXProject section */

/* Begin PBXResourcesBuildPhase section */
		8CCADDB022D4E127002EC20B /* Resources */ = {
			isa = PBXResourcesBuildPhase;
			buildActionMask = 2147483647;
			files = (
				8CCADDC022D4E129002EC20B /* LaunchScreen.storyboard in Resources */,
				8CCADDBD22D4E129002EC20B /* Assets.xcassets in Resources */,
				8CCADDBB22D4E127002EC20B /* Main.storyboard in Resources */,
			);
			runOnlyForDeploymentPostprocessing = 0;
		};
/* End PBXResourcesBuildPhase section */

/* Begin PBXSourcesBuildPhase section */
		8CCADDAE22D4E127002EC20B /* Sources */ = {
			isa = PBXSourcesBuildPhase;
			buildActionMask = 2147483647;
			files = (
				8CCADDCC22D5985B002EC20B /* InteractiveDismissTransition.swift in Sources */,
				8CCADDC822D4E4E8002EC20B /* NavigationViewController.swift in Sources */,
				8CCADDCA22D59424002EC20B /* SubclassTableViewViewController.swift in Sources */,
				8CCADDB622D4E127002EC20B /* AppDelegate.swift in Sources */,
				8CA85F4622D9F03700D7CA56 /* ContinuousGestureViewController.swift in Sources */,
				8CA85F4822D9F65B00D7CA56 /* TableViewViewController.swift in Sources */,
			);
			runOnlyForDeploymentPostprocessing = 0;
		};
/* End PBXSourcesBuildPhase section */

/* Begin PBXVariantGroup section */
		8CCADDB922D4E127002EC20B /* Main.storyboard */ = {
			isa = PBXVariantGroup;
			children = (
				8CCADDBA22D4E127002EC20B /* Base */,
			);
			name = Main.storyboard;
			sourceTree = "<group>";
		};
		8CCADDBE22D4E129002EC20B /* LaunchScreen.storyboard */ = {
			isa = PBXVariantGroup;
			children = (
				8CCADDBF22D4E129002EC20B /* Base */,
			);
			name = LaunchScreen.storyboard;
			sourceTree = "<group>";
		};
/* End PBXVariantGroup section */

/* Begin XCBuildConfiguration section */
		8CCADDC222D4E129002EC20B /* Debug */ = {
			isa = XCBuildConfiguration;
			buildSettings = {
				ALWAYS_SEARCH_USER_PATHS = NO;
				CLANG_ANALYZER_NONNULL = YES;
				CLANG_ANALYZER_NUMBER_OBJECT_CONVERSION = YES_AGGRESSIVE;
				CLANG_CXX_LANGUAGE_STANDARD = "gnu++14";
				CLANG_CXX_LIBRARY = "libc++";
				CLANG_ENABLE_MODULES = YES;
				CLANG_ENABLE_OBJC_ARC = YES;
				CLANG_ENABLE_OBJC_WEAK = YES;
				CLANG_WARN_BLOCK_CAPTURE_AUTORELEASING = YES;
				CLANG_WARN_BOOL_CONVERSION = YES;
				CLANG_WARN_COMMA = YES;
				CLANG_WARN_CONSTANT_CONVERSION = YES;
				CLANG_WARN_DEPRECATED_OBJC_IMPLEMENTATIONS = YES;
				CLANG_WARN_DIRECT_OBJC_ISA_USAGE = YES_ERROR;
				CLANG_WARN_DOCUMENTATION_COMMENTS = YES;
				CLANG_WARN_EMPTY_BODY = YES;
				CLANG_WARN_ENUM_CONVERSION = YES;
				CLANG_WARN_INFINITE_RECURSION = YES;
				CLANG_WARN_INT_CONVERSION = YES;
				CLANG_WARN_NON_LITERAL_NULL_CONVERSION = YES;
				CLANG_WARN_OBJC_IMPLICIT_RETAIN_SELF = YES;
				CLANG_WARN_OBJC_LITERAL_CONVERSION = YES;
				CLANG_WARN_OBJC_ROOT_CLASS = YES_ERROR;
				CLANG_WARN_RANGE_LOOP_ANALYSIS = YES;
				CLANG_WARN_STRICT_PROTOTYPES = YES;
				CLANG_WARN_SUSPICIOUS_MOVE = YES;
				CLANG_WARN_UNGUARDED_AVAILABILITY = YES_AGGRESSIVE;
				CLANG_WARN_UNREACHABLE_CODE = YES;
				CLANG_WARN__DUPLICATE_METHOD_MATCH = YES;
				CODE_SIGN_IDENTITY = "iPhone Developer";
				COPY_PHASE_STRIP = NO;
				DEBUG_INFORMATION_FORMAT = dwarf;
				ENABLE_STRICT_OBJC_MSGSEND = YES;
				ENABLE_TESTABILITY = YES;
				GCC_C_LANGUAGE_STANDARD = gnu11;
				GCC_DYNAMIC_NO_PIC = NO;
				GCC_NO_COMMON_BLOCKS = YES;
				GCC_OPTIMIZATION_LEVEL = 0;
				GCC_PREPROCESSOR_DEFINITIONS = (
					"DEBUG=1",
					"$(inherited)",
				);
				GCC_WARN_64_TO_32_BIT_CONVERSION = YES;
				GCC_WARN_ABOUT_RETURN_TYPE = YES_ERROR;
				GCC_WARN_UNDECLARED_SELECTOR = YES;
				GCC_WARN_UNINITIALIZED_AUTOS = YES_AGGRESSIVE;
				GCC_WARN_UNUSED_FUNCTION = YES;
				GCC_WARN_UNUSED_VARIABLE = YES;
				IPHONEOS_DEPLOYMENT_TARGET = 12.2;
				MTL_ENABLE_DEBUG_INFO = INCLUDE_SOURCE;
				MTL_FAST_MATH = YES;
				ONLY_ACTIVE_ARCH = YES;
				SDKROOT = iphoneos;
				SWIFT_ACTIVE_COMPILATION_CONDITIONS = DEBUG;
				SWIFT_OPTIMIZATION_LEVEL = "-Onone";
			};
			name = Debug;
		};
		8CCADDC322D4E129002EC20B /* Release */ = {
			isa = XCBuildConfiguration;
			buildSettings = {
				ALWAYS_SEARCH_USER_PATHS = NO;
				CLANG_ANALYZER_NONNULL = YES;
				CLANG_ANALYZER_NUMBER_OBJECT_CONVERSION = YES_AGGRESSIVE;
				CLANG_CXX_LANGUAGE_STANDARD = "gnu++14";
				CLANG_CXX_LIBRARY = "libc++";
				CLANG_ENABLE_MODULES = YES;
				CLANG_ENABLE_OBJC_ARC = YES;
				CLANG_ENABLE_OBJC_WEAK = YES;
				CLANG_WARN_BLOCK_CAPTURE_AUTORELEASING = YES;
				CLANG_WARN_BOOL_CONVERSION = YES;
				CLANG_WARN_COMMA = YES;
				CLANG_WARN_CONSTANT_CONVERSION = YES;
				CLANG_WARN_DEPRECATED_OBJC_IMPLEMENTATIONS = YES;
				CLANG_WARN_DIRECT_OBJC_ISA_USAGE = YES_ERROR;
				CLANG_WARN_DOCUMENTATION_COMMENTS = YES;
				CLANG_WARN_EMPTY_BODY = YES;
				CLANG_WARN_ENUM_CONVERSION = YES;
				CLANG_WARN_INFINITE_RECURSION = YES;
				CLANG_WARN_INT_CONVERSION = YES;
				CLANG_WARN_NON_LITERAL_NULL_CONVERSION = YES;
				CLANG_WARN_OBJC_IMPLICIT_RETAIN_SELF = YES;
				CLANG_WARN_OBJC_LITERAL_CONVERSION = YES;
				CLANG_WARN_OBJC_ROOT_CLASS = YES_ERROR;
				CLANG_WARN_RANGE_LOOP_ANALYSIS = YES;
				CLANG_WARN_STRICT_PROTOTYPES = YES;
				CLANG_WARN_SUSPICIOUS_MOVE = YES;
				CLANG_WARN_UNGUARDED_AVAILABILITY = YES_AGGRESSIVE;
				CLANG_WARN_UNREACHABLE_CODE = YES;
				CLANG_WARN__DUPLICATE_METHOD_MATCH = YES;
				CODE_SIGN_IDENTITY = "iPhone Developer";
				COPY_PHASE_STRIP = NO;
				DEBUG_INFORMATION_FORMAT = "dwarf-with-dsym";
				ENABLE_NS_ASSERTIONS = NO;
				ENABLE_STRICT_OBJC_MSGSEND = YES;
				GCC_C_LANGUAGE_STANDARD = gnu11;
				GCC_NO_COMMON_BLOCKS = YES;
				GCC_WARN_64_TO_32_BIT_CONVERSION = YES;
				GCC_WARN_ABOUT_RETURN_TYPE = YES_ERROR;
				GCC_WARN_UNDECLARED_SELECTOR = YES;
				GCC_WARN_UNINITIALIZED_AUTOS = YES_AGGRESSIVE;
				GCC_WARN_UNUSED_FUNCTION = YES;
				GCC_WARN_UNUSED_VARIABLE = YES;
				IPHONEOS_DEPLOYMENT_TARGET = 12.2;
				MTL_ENABLE_DEBUG_INFO = NO;
				MTL_FAST_MATH = YES;
				SDKROOT = iphoneos;
				SWIFT_COMPILATION_MODE = wholemodule;
				SWIFT_OPTIMIZATION_LEVEL = "-O";
				VALIDATE_PRODUCT = YES;
			};
			name = Release;
		};
		8CCADDC522D4E129002EC20B /* Debug */ = {
			isa = XCBuildConfiguration;
			buildSettings = {
				ASSETCATALOG_COMPILER_APPICON_NAME = AppIcon;
				CODE_SIGN_STYLE = Automatic;
				DEVELOPMENT_TEAM = 2D9Q57UP4X;
				INFOPLIST_FILE = PullToDismiss/Info.plist;
				LD_RUNPATH_SEARCH_PATHS = (
					"$(inherited)",
					"@executable_path/Frameworks",
				);
				PRODUCT_BUNDLE_IDENTIFIER = com.dirtmelon.PullToDismiss;
				PRODUCT_NAME = "$(TARGET_NAME)";
				SWIFT_VERSION = 5.0;
				TARGETED_DEVICE_FAMILY = "1,2";
			};
			name = Debug;
		};
		8CCADDC622D4E129002EC20B /* Release */ = {
			isa = XCBuildConfiguration;
			buildSettings = {
				ASSETCATALOG_COMPILER_APPICON_NAME = AppIcon;
				CODE_SIGN_STYLE = Automatic;
				DEVELOPMENT_TEAM = 2D9Q57UP4X;
				INFOPLIST_FILE = PullToDismiss/Info.plist;
				LD_RUNPATH_SEARCH_PATHS = (
					"$(inherited)",
					"@executable_path/Frameworks",
				);
				PRODUCT_BUNDLE_IDENTIFIER = com.dirtmelon.PullToDismiss;
				PRODUCT_NAME = "$(TARGET_NAME)";
				SWIFT_VERSION = 5.0;
				TARGETED_DEVICE_FAMILY = "1,2";
			};
			name = Release;
		};
/* End XCBuildConfiguration section */

/* Begin XCConfigurationList section */
		8CCADDAD22D4E127002EC20B /* Build configuration list for PBXProject "PullToDismiss" */ = {
			isa = XCConfigurationList;
			buildConfigurations = (
				8CCADDC222D4E129002EC20B /* Debug */,
				8CCADDC322D4E129002EC20B /* Release */,
			);
			defaultConfigurationIsVisible = 0;
			defaultConfigurationName = Release;
		};
		8CCADDC422D4E129002EC20B /* Build configuration list for PBXNativeTarget "PullToDismiss" */ = {
			isa = XCConfigurationList;
			buildConfigurations = (
				8CCADDC522D4E129002EC20B /* Debug */,
				8CCADDC622D4E129002EC20B /* Release */,
			);
			defaultConfigurationIsVisible = 0;
			defaultConfigurationName = Release;
		};
/* End XCConfigurationList section */
	};
	rootObject = 8CCADDAA22D4E127002EC20B /* Project object */;
}
